
Microsoft Visual Studio Solution File, Format Version 12.00
# Visual Studio Version 17
VisualStudioVersion = 17.6.33815.320
MinimumVisualStudioVersion = 10.0.40219.1
Project("{9A19103F-16F7-4668-BE54-9A1E7A4F7556}") = "BalanceSystem.Api", "BalanceSystem.Api\BalanceSystem.Api.csproj", "{DA8D9A62-744B-4B57-9128-33CF833C4738}"
EndProject
Project("{9A19103F-16F7-4668-BE54-9A1E7A4F7556}") = "BalanceSystem.Core", "BalanceSystem.Core\BalanceSystem.Core.csproj", "{45956585-BE10-4103-8A8C-ECFA6580DEC2}"
EndProject
Project("{2150E333-8FDC-42A3-9474-1A3956D46DE8}") = "Domain", "Domain", "{BD13E1B3-6EB4-442A-88A4-122ED035D371}"
EndProject
Project("{2150E333-8FDC-42A3-9474-1A3956D46DE8}") = "Application", "Application", "{E39E0B02-89BB-4859-9135-C3135C887F3E}"
EndProject
Project("{2150E333-8FDC-42A3-9474-1A3956D46DE8}") = "Infrastructure", "Infrastructure", "{ECE1E2E4-6BCE-4D45-B24F-DF8EC33671E0}"
EndProject
Project("{2150E333-8FDC-42A3-9474-1A3956D46DE8}") = "Presentation", "Presentation", "{0283F3AB-DF83-4B9D-B749-9CCAA4BF11BE}"
EndProject
Project("{9A19103F-16F7-4668-BE54-9A1E7A4F7556}") = "BalanceSystem.Services", "BalanceSystem.Services\BalanceSystem.Services.csproj", "{2675A24C-D0D6-44C4-ACE3-61D0EBF8C609}"
EndProject
Project("{9A19103F-16F7-4668-BE54-9A1E7A4F7556}") = "BalanceSystem.DataAccess", "BalanceSystem.DataAccess\BalanceSystem.DataAccess.csproj", "{41F92319-E588-4CC6-A041-94C1647A2D70}"
EndProject
Project("{E53339B2-1760-4266-BCC7-CA923CBCF16C}") = "docker-compose", "docker-compose.dcproj", "{91B68F86-EB3E-4514-8279-D7B03D7D7078}"
EndProject
Project("{9A19103F-16F7-4668-BE54-9A1E7A4F7556}") = "BalanceSystem.DataAccess.PostgreSql", "BalanceSystem.DataAccess.PostgreSql\BalanceSystem.DataAccess.PostgreSql.csproj", "{ADB5280A-63A8-4671-BA4B-F13FD092F358}"
EndProject
Project("{2150E333-8FDC-42A3-9474-1A3956D46DE8}") = "Solution Items", "Solution Items", "{FD9753C1-241A-4D49-9F11-9B80B1F86DA9}"
	ProjectSection(SolutionItems) = preProject
		..\README.md = ..\README.md
	EndProjectSection
EndProject
Project("{9A19103F-16F7-4668-BE54-9A1E7A4F7556}") = "BalanceSystem.Core.UnitTests", "BalanceSystem.Core.UnitTests\BalanceSystem.Core.UnitTests.csproj", "{6B3583EB-BBDD-471F-A03E-064B28D7AC23}"
EndProject
Project("{FAE04EC0-301F-11D3-BF4B-00C04F79EFBC}") = "BalanceSystem.Services.UnitTests", "BalanceSystem.Services.UnitTests\BalanceSystem.Services.UnitTests.csproj", "{47993229-C91E-41AE-9088-5E9B237AB429}"
EndProject
Global
	GlobalSection(SolutionConfigurationPlatforms) = preSolution
		Debug|Any CPU = Debug|Any CPU
		Release|Any CPU = Release|Any CPU
	EndGlobalSection
	GlobalSection(ProjectConfigurationPlatforms) = postSolution
		{DA8D9A62-744B-4B57-9128-33CF833C4738}.Debug|Any CPU.ActiveCfg = Debug|Any CPU
		{DA8D9A62-744B-4B57-9128-33CF833C4738}.Debug|Any CPU.Build.0 = Debug|Any CPU
		{DA8D9A62-744B-4B57-9128-33CF833C4738}.Release|Any CPU.ActiveCfg = Release|Any CPU
		{DA8D9A62-744B-4B57-9128-33CF833C4738}.Release|Any CPU.Build.0 = Release|Any CPU
		{45956585-BE10-4103-8A8C-ECFA6580DEC2}.Debug|Any CPU.ActiveCfg = Debug|Any CPU
		{45956585-BE10-4103-8A8C-ECFA6580DEC2}.Debug|Any CPU.Build.0 = Debug|Any CPU
		{45956585-BE10-4103-8A8C-ECFA6580DEC2}.Release|Any CPU.ActiveCfg = Release|Any CPU
		{45956585-BE10-4103-8A8C-ECFA6580DEC2}.Release|Any CPU.Build.0 = Release|Any CPU
		{2675A24C-D0D6-44C4-ACE3-61D0EBF8C609}.Debug|Any CPU.ActiveCfg = Debug|Any CPU
		{2675A24C-D0D6-44C4-ACE3-61D0EBF8C609}.Debug|Any CPU.Build.0 = Debug|Any CPU
		{2675A24C-D0D6-44C4-ACE3-61D0EBF8C609}.Release|Any CPU.ActiveCfg = Release|Any CPU
		{2675A24C-D0D6-44C4-ACE3-61D0EBF8C609}.Release|Any CPU.Build.0 = Release|Any CPU
		{41F92319-E588-4CC6-A041-94C1647A2D70}.Debug|Any CPU.ActiveCfg = Debug|Any CPU
		{41F92319-E588-4CC6-A041-94C1647A2D70}.Debug|Any CPU.Build.0 = Debug|Any CPU
		{41F92319-E588-4CC6-A041-94C1647A2D70}.Release|Any CPU.ActiveCfg = Release|Any CPU
		{41F92319-E588-4CC6-A041-94C1647A2D70}.Release|Any CPU.Build.0 = Release|Any CPU
		{91B68F86-EB3E-4514-8279-D7B03D7D7078}.Debug|Any CPU.ActiveCfg = Debug|Any CPU
		{91B68F86-EB3E-4514-8279-D7B03D7D7078}.Debug|Any CPU.Build.0 = Debug|Any CPU
		{91B68F86-EB3E-4514-8279-D7B03D7D7078}.Release|Any CPU.ActiveCfg = Release|Any CPU
		{91B68F86-EB3E-4514-8279-D7B03D7D7078}.Release|Any CPU.Build.0 = Release|Any CPU
		{ADB5280A-63A8-4671-BA4B-F13FD092F358}.Debug|Any CPU.ActiveCfg = Debug|Any CPU
		{ADB5280A-63A8-4671-BA4B-F13FD092F358}.Debug|Any CPU.Build.0 = Debug|Any CPU
		{ADB5280A-63A8-4671-BA4B-F13FD092F358}.Release|Any CPU.ActiveCfg = Release|Any CPU
		{ADB5280A-63A8-4671-BA4B-F13FD092F358}.Release|Any CPU.Build.0 = Release|Any CPU
		{6B3583EB-BBDD-471F-A03E-064B28D7AC23}.Debug|Any CPU.ActiveCfg = Debug|Any CPU
		{6B3583EB-BBDD-471F-A03E-064B28D7AC23}.Debug|Any CPU.Build.0 = Debug|Any CPU
		{6B3583EB-BBDD-471F-A03E-064B28D7AC23}.Release|Any CPU.ActiveCfg = Release|Any CPU
		{6B3583EB-BBDD-471F-A03E-064B28D7AC23}.Release|Any CPU.Build.0 = Release|Any CPU
		{47993229-C91E-41AE-9088-5E9B237AB429}.Debug|Any CPU.ActiveCfg = Debug|Any CPU
		{47993229-C91E-41AE-9088-5E9B237AB429}.Debug|Any CPU.Build.0 = Debug|Any CPU
		{47993229-C91E-41AE-9088-5E9B237AB429}.Release|Any CPU.ActiveCfg = Release|Any CPU
		{47993229-C91E-41AE-9088-5E9B237AB429}.Release|Any CPU.Build.0 = Release|Any CPU
	EndGlobalSection
	GlobalSection(SolutionProperties) = preSolution
		HideSolutionNode = FALSE
	EndGlobalSection
	GlobalSection(NestedProjects) = preSolution
		{DA8D9A62-744B-4B57-9128-33CF833C4738} = {0283F3AB-DF83-4B9D-B749-9CCAA4BF11BE}
		{45956585-BE10-4103-8A8C-ECFA6580DEC2} = {BD13E1B3-6EB4-442A-88A4-122ED035D371}
		{2675A24C-D0D6-44C4-ACE3-61D0EBF8C609} = {E39E0B02-89BB-4859-9135-C3135C887F3E}
		{41F92319-E588-4CC6-A041-94C1647A2D70} = {E39E0B02-89BB-4859-9135-C3135C887F3E}
		{ADB5280A-63A8-4671-BA4B-F13FD092F358} = {ECE1E2E4-6BCE-4D45-B24F-DF8EC33671E0}
		{6B3583EB-BBDD-471F-A03E-064B28D7AC23} = {BD13E1B3-6EB4-442A-88A4-122ED035D371}
		{47993229-C91E-41AE-9088-5E9B237AB429} = {E39E0B02-89BB-4859-9135-C3135C887F3E}
	EndGlobalSection
	GlobalSection(ExtensibilityGlobals) = postSolution
		SolutionGuid = {C2E36C2B-3B78-429B-BD92-4C0EBEC15A03}
	EndGlobalSection
EndGlobal
